
Microsoft Visual Studio Solution File, Format Version 12.00
# Visual Studio 14
VisualStudioVersion = 14.0.24720.0
MinimumVisualStudioVersion = 10.0.40219.1
Project("{FAE04EC0-301F-11D3-BF4B-00C04F79EFBC}") = "Installer", "Installer\Installer.csproj", "{974A10FC-316B-47D8-ABB6-213EBEAA0A9C}"
EndProject
Project("{FAE04EC0-301F-11D3-BF4B-00C04F79EFBC}") = "ProjectSetupWizard", "ProjectSetupWizard\ProjectSetupWizard.csproj", "{2D18DA4D-304A-4CAD-8B3E-422CCB58505B}"
EndProject
Project("{2150E333-8FDC-42A3-9474-1A3956D46DE8}") = "ExtensionTemplates", "ExtensionTemplates", "{7B22D5FB-796A-4C70-AA32-CE474C63BD98}"
EndProject
Project("{2150E333-8FDC-42A3-9474-1A3956D46DE8}") = "ProjectTemplates", "ProjectTemplates", "{E92D8437-367E-4E8B-9BCD-3472E0C9416B}"
EndProject
Project("{FAE04EC0-301F-11D3-BF4B-00C04F79EFBC}") = "Extension.Client", "ExtensionTemplates\Client\Extension.Client.csproj", "{EC85DC9B-6EBF-40C1-8082-5DE7E821F2D5}"
EndProject
Project("{8BC9CEB8-8B4A-11D0-8D11-00A0C91BC942}") = "Extension.Proxy", "ExtensionTemplates\Proxy\Proxy.vcxproj", "{6FE633E6-53B4-41A9-95B7-11C8355758CA}"
EndProject
Project("{FAE04EC0-301F-11D3-BF4B-00C04F79EFBC}") = "Extension.Server", "ExtensionTemplates\Server\Extension.Server.csproj", "{713A632F-7061-4C28-A5C5-60152564F194}"
EndProject
Project("{FAE04EC0-301F-11D3-BF4B-00C04F79EFBC}") = "Client", "ProjectTemplates\Client\Client.csproj", "{5091BD26-DF2A-4EBE-87FC-8A07977025A0}"
EndProject
Project("{8BC9CEB8-8B4A-11D0-8D11-00A0C91BC942}") = "Proxy", "ProjectTemplates\Proxy\Proxy.vcxproj", "{859F1A19-3465-45E8-B30B-0B291BCF09D6}"
EndProject
Project("{FAE04EC0-301F-11D3-BF4B-00C04F79EFBC}") = "Server", "ProjectTemplates\Server\Server.csproj", "{79758BA2-861C-43F0-B35D-82C312145AE5}"
EndProject
Global
	GlobalSection(SolutionConfigurationPlatforms) = preSolution
		Debug|Any CPU = Debug|Any CPU
		Debug|ARM = Debug|ARM
		Debug|x64 = Debug|x64
		Debug|x86 = Debug|x86
		Release|Any CPU = Release|Any CPU
		Release|ARM = Release|ARM
		Release|x64 = Release|x64
		Release|x86 = Release|x86
	EndGlobalSection
	GlobalSection(ProjectConfigurationPlatforms) = postSolution
		{974A10FC-316B-47D8-ABB6-213EBEAA0A9C}.Debug|Any CPU.ActiveCfg = Debug|Any CPU
		{974A10FC-316B-47D8-ABB6-213EBEAA0A9C}.Debug|Any CPU.Build.0 = Debug|Any CPU
		{974A10FC-316B-47D8-ABB6-213EBEAA0A9C}.Debug|ARM.ActiveCfg = Debug|Any CPU
		{974A10FC-316B-47D8-ABB6-213EBEAA0A9C}.Debug|ARM.Build.0 = Debug|Any CPU
		{974A10FC-316B-47D8-ABB6-213EBEAA0A9C}.Debug|x64.ActiveCfg = Debug|Any CPU
		{974A10FC-316B-47D8-ABB6-213EBEAA0A9C}.Debug|x64.Build.0 = Debug|Any CPU
		{974A10FC-316B-47D8-ABB6-213EBEAA0A9C}.Debug|x86.ActiveCfg = Debug|Any CPU
		{974A10FC-316B-47D8-ABB6-213EBEAA0A9C}.Debug|x86.Build.0 = Debug|Any CPU
		{974A10FC-316B-47D8-ABB6-213EBEAA0A9C}.Release|Any CPU.ActiveCfg = Release|Any CPU
		{974A10FC-316B-47D8-ABB6-213EBEAA0A9C}.Release|Any CPU.Build.0 = Release|Any CPU
		{974A10FC-316B-47D8-ABB6-213EBEAA0A9C}.Release|ARM.ActiveCfg = Release|Any CPU
		{974A10FC-316B-47D8-ABB6-213EBEAA0A9C}.Release|ARM.Build.0 = Release|Any CPU
		{974A10FC-316B-47D8-ABB6-213EBEAA0A9C}.Release|x64.ActiveCfg = Release|Any CPU
		{974A10FC-316B-47D8-ABB6-213EBEAA0A9C}.Release|x64.Build.0 = Release|Any CPU
		{974A10FC-316B-47D8-ABB6-213EBEAA0A9C}.Release|x86.ActiveCfg = Release|Any CPU
		{974A10FC-316B-47D8-ABB6-213EBEAA0A9C}.Release|x86.Build.0 = Release|Any CPU
		{2D18DA4D-304A-4CAD-8B3E-422CCB58505B}.Debug|Any CPU.ActiveCfg = Debug|Any CPU
		{2D18DA4D-304A-4CAD-8B3E-422CCB58505B}.Debug|Any CPU.Build.0 = Debug|Any CPU
		{2D18DA4D-304A-4CAD-8B3E-422CCB58505B}.Debug|ARM.ActiveCfg = Debug|Any CPU
		{2D18DA4D-304A-4CAD-8B3E-422CCB58505B}.Debug|ARM.Build.0 = Debug|Any CPU
		{2D18DA4D-304A-4CAD-8B3E-422CCB58505B}.Debug|x64.ActiveCfg = Debug|Any CPU
		{2D18DA4D-304A-4CAD-8B3E-422CCB58505B}.Debug|x64.Build.0 = Debug|Any CPU
		{2D18DA4D-304A-4CAD-8B3E-422CCB58505B}.Debug|x86.ActiveCfg = Debug|Any CPU
		{2D18DA4D-304A-4CAD-8B3E-422CCB58505B}.Debug|x86.Build.0 = Debug|Any CPU
		{2D18DA4D-304A-4CAD-8B3E-422CCB58505B}.Release|Any CPU.ActiveCfg = Release|Any CPU
		{2D18DA4D-304A-4CAD-8B3E-422CCB58505B}.Release|Any CPU.Build.0 = Release|Any CPU
		{2D18DA4D-304A-4CAD-8B3E-422CCB58505B}.Release|ARM.ActiveCfg = Release|Any CPU
		{2D18DA4D-304A-4CAD-8B3E-422CCB58505B}.Release|ARM.Build.0 = Release|Any CPU
		{2D18DA4D-304A-4CAD-8B3E-422CCB58505B}.Release|x64.ActiveCfg = Release|Any CPU
		{2D18DA4D-304A-4CAD-8B3E-422CCB58505B}.Release|x64.Build.0 = Release|Any CPU
		{2D18DA4D-304A-4CAD-8B3E-422CCB58505B}.Release|x86.ActiveCfg = Release|Any CPU
		{2D18DA4D-304A-4CAD-8B3E-422CCB58505B}.Release|x86.Build.0 = Release|Any CPU
		{EC85DC9B-6EBF-40C1-8082-5DE7E821F2D5}.Debug|Any CPU.ActiveCfg = Debug|x86
		{EC85DC9B-6EBF-40C1-8082-5DE7E821F2D5}.Debug|ARM.ActiveCfg = Debug|ARM
		{EC85DC9B-6EBF-40C1-8082-5DE7E821F2D5}.Debug|ARM.Build.0 = Debug|ARM
		{EC85DC9B-6EBF-40C1-8082-5DE7E821F2D5}.Debug|ARM.Deploy.0 = Debug|ARM
		{EC85DC9B-6EBF-40C1-8082-5DE7E821F2D5}.Debug|x64.ActiveCfg = Debug|x64
		{EC85DC9B-6EBF-40C1-8082-5DE7E821F2D5}.Debug|x64.Build.0 = Debug|x64
		{EC85DC9B-6EBF-40C1-8082-5DE7E821F2D5}.Debug|x64.Deploy.0 = Debug|x64
		{EC85DC9B-6EBF-40C1-8082-5DE7E821F2D5}.Debug|x86.ActiveCfg = Debug|x86
		{EC85DC9B-6EBF-40C1-8082-5DE7E821F2D5}.Debug|x86.Build.0 = Debug|x86
		{EC85DC9B-6EBF-40C1-8082-5DE7E821F2D5}.Debug|x86.Deploy.0 = Debug|x86
		{EC85DC9B-6EBF-40C1-8082-5DE7E821F2D5}.Release|Any CPU.ActiveCfg = Release|x86
		{EC85DC9B-6EBF-40C1-8082-5DE7E821F2D5}.Release|ARM.ActiveCfg = Release|ARM
		{EC85DC9B-6EBF-40C1-8082-5DE7E821F2D5}.Release|ARM.Build.0 = Release|ARM
		{EC85DC9B-6EBF-40C1-8082-5DE7E821F2D5}.Release|ARM.Deploy.0 = Release|ARM
		{EC85DC9B-6EBF-40C1-8082-5DE7E821F2D5}.Release|x64.ActiveCfg = Release|x64
		{EC85DC9B-6EBF-40C1-8082-5DE7E821F2D5}.Release|x64.Build.0 = Release|x64
		{EC85DC9B-6EBF-40C1-8082-5DE7E821F2D5}.Release|x64.Deploy.0 = Release|x64
		{EC85DC9B-6EBF-40C1-8082-5DE7E821F2D5}.Release|x86.ActiveCfg = Release|x86
		{EC85DC9B-6EBF-40C1-8082-5DE7E821F2D5}.Release|x86.Build.0 = Release|x86
		{EC85DC9B-6EBF-40C1-8082-5DE7E821F2D5}.Release|x86.Deploy.0 = Release|x86
		{6FE633E6-53B4-41A9-95B7-11C8355758CA}.Debug|Any CPU.ActiveCfg = Debug|Win32
		{6FE633E6-53B4-41A9-95B7-11C8355758CA}.Debug|ARM.ActiveCfg = Debug|Win32
		{6FE633E6-53B4-41A9-95B7-11C8355758CA}.Debug|x64.ActiveCfg = Debug|x64
		{6FE633E6-53B4-41A9-95B7-11C8355758CA}.Debug|x64.Build.0 = Debug|x64
		{6FE633E6-53B4-41A9-95B7-11C8355758CA}.Debug|x86.ActiveCfg = Debug|Win32
		{6FE633E6-53B4-41A9-95B7-11C8355758CA}.Debug|x86.Build.0 = Debug|Win32
		{6FE633E6-53B4-41A9-95B7-11C8355758CA}.Release|Any CPU.ActiveCfg = Release|Win32
		{6FE633E6-53B4-41A9-95B7-11C8355758CA}.Release|ARM.ActiveCfg = Release|Win32
		{6FE633E6-53B4-41A9-95B7-11C8355758CA}.Release|x64.ActiveCfg = Release|x64
		{6FE633E6-53B4-41A9-95B7-11C8355758CA}.Release|x64.Build.0 = Release|x64
		{6FE633E6-53B4-41A9-95B7-11C8355758CA}.Release|x86.ActiveCfg = Release|Win32
		{6FE633E6-53B4-41A9-95B7-11C8355758CA}.Release|x86.Build.0 = Release|Win32
		{713A632F-7061-4C28-A5C5-60152564F194}.Debug|Any CPU.ActiveCfg = Debug|Any CPU
		{713A632F-7061-4C28-A5C5-60152564F194}.Debug|ARM.ActiveCfg = Debug|Any CPU
		{713A632F-7061-4C28-A5C5-60152564F194}.Debug|ARM.Build.0 = Debug|Any CPU
		{713A632F-7061-4C28-A5C5-60152564F194}.Debug|x64.ActiveCfg = Debug|Any CPU
		{713A632F-7061-4C28-A5C5-60152564F194}.Debug|x64.Build.0 = Debug|Any CPU
		{713A632F-7061-4C28-A5C5-60152564F194}.Debug|x86.ActiveCfg = Debug|Any CPU
		{713A632F-7061-4C28-A5C5-60152564F194}.Debug|x86.Build.0 = Debug|Any CPU
		{713A632F-7061-4C28-A5C5-60152564F194}.Release|Any CPU.ActiveCfg = Release|Any CPU
		{713A632F-7061-4C28-A5C5-60152564F194}.Release|Any CPU.Build.0 = Release|Any CPU
		{713A632F-7061-4C28-A5C5-60152564F194}.Release|ARM.ActiveCfg = Release|Any CPU
		{713A632F-7061-4C28-A5C5-60152564F194}.Release|ARM.Build.0 = Release|Any CPU
		{713A632F-7061-4C28-A5C5-60152564F194}.Release|x64.ActiveCfg = Release|Any CPU
		{713A632F-7061-4C28-A5C5-60152564F194}.Release|x64.Build.0 = Release|Any CPU
		{713A632F-7061-4C28-A5C5-60152564F194}.Release|x86.ActiveCfg = Release|Any CPU
		{713A632F-7061-4C28-A5C5-60152564F194}.Release|x86.Build.0 = Release|Any CPU
		{5091BD26-DF2A-4EBE-87FC-8A07977025A0}.Debug|Any CPU.ActiveCfg = Debug|x86
		{5091BD26-DF2A-4EBE-87FC-8A07977025A0}.Debug|ARM.ActiveCfg = Debug|ARM
		{5091BD26-DF2A-4EBE-87FC-8A07977025A0}.Debug|ARM.Build.0 = Debug|ARM
		{5091BD26-DF2A-4EBE-87FC-8A07977025A0}.Debug|ARM.Deploy.0 = Debug|ARM
		{5091BD26-DF2A-4EBE-87FC-8A07977025A0}.Debug|x64.ActiveCfg = Debug|x64
		{5091BD26-DF2A-4EBE-87FC-8A07977025A0}.Debug|x64.Build.0 = Debug|x64
		{5091BD26-DF2A-4EBE-87FC-8A07977025A0}.Debug|x64.Deploy.0 = Debug|x64
		{5091BD26-DF2A-4EBE-87FC-8A07977025A0}.Debug|x86.ActiveCfg = Debug|x86
		{5091BD26-DF2A-4EBE-87FC-8A07977025A0}.Debug|x86.Build.0 = Debug|x86
		{5091BD26-DF2A-4EBE-87FC-8A07977025A0}.Debug|x86.Deploy.0 = Debug|x86
		{5091BD26-DF2A-4EBE-87FC-8A07977025A0}.Release|Any CPU.ActiveCfg = Release|x86
		{5091BD26-DF2A-4EBE-87FC-8A07977025A0}.Release|ARM.ActiveCfg = Release|ARM
		{5091BD26-DF2A-4EBE-87FC-8A07977025A0}.Release|ARM.Build.0 = Release|ARM
		{5091BD26-DF2A-4EBE-87FC-8A07977025A0}.Release|ARM.Deploy.0 = Release|ARM
		{5091BD26-DF2A-4EBE-87FC-8A07977025A0}.Release|x64.ActiveCfg = Release|x64
		{5091BD26-DF2A-4EBE-87FC-8A07977025A0}.Release|x64.Build.0 = Release|x64
		{5091BD26-DF2A-4EBE-87FC-8A07977025A0}.Release|x64.Deploy.0 = Release|x64
		{5091BD26-DF2A-4EBE-87FC-8A07977025A0}.Release|x86.ActiveCfg = Release|x86
		{5091BD26-DF2A-4EBE-87FC-8A07977025A0}.Release|x86.Build.0 = Release|x86
		{5091BD26-DF2A-4EBE-87FC-8A07977025A0}.Release|x86.Deploy.0 = Release|x86
		{859F1A19-3465-45E8-B30B-0B291BCF09D6}.Debug|Any CPU.ActiveCfg = Debug|Win32
		{859F1A19-3465-45E8-B30B-0B291BCF09D6}.Debug|ARM.ActiveCfg = Debug|Win32
		{859F1A19-3465-45E8-B30B-0B291BCF09D6}.Debug|x64.ActiveCfg = Debug|x64
		{859F1A19-3465-45E8-B30B-0B291BCF09D6}.Debug|x64.Build.0 = Debug|x64
		{859F1A19-3465-45E8-B30B-0B291BCF09D6}.Debug|x86.ActiveCfg = Debug|Win32
		{859F1A19-3465-45E8-B30B-0B291BCF09D6}.Debug|x86.Build.0 = Debug|Win32
		{859F1A19-3465-45E8-B30B-0B291BCF09D6}.Release|Any CPU.ActiveCfg = Release|Win32
		{859F1A19-3465-45E8-B30B-0B291BCF09D6}.Release|ARM.ActiveCfg = Release|Win32
		{859F1A19-3465-45E8-B30B-0B291BCF09D6}.Release|x64.ActiveCfg = Release|x64
		{859F1A19-3465-45E8-B30B-0B291BCF09D6}.Release|x64.Build.0 = Release|x64
		{859F1A19-3465-45E8-B30B-0B291BCF09D6}.Release|x86.ActiveCfg = Release|Win32
		{859F1A19-3465-45E8-B30B-0B291BCF09D6}.Release|x86.Build.0 = Release|Win32
		{79758BA2-861C-43F0-B35D-82C312145AE5}.Debug|Any CPU.ActiveCfg = Debug|Any CPU
		{79758BA2-861C-43F0-B35D-82C312145AE5}.Debug|ARM.ActiveCfg = Debug|Any CPU
		{79758BA2-861C-43F0-B35D-82C312145AE5}.Debug|ARM.Build.0 = Debug|Any CPU
		{79758BA2-861C-43F0-B35D-82C312145AE5}.Debug|x64.ActiveCfg = Debug|Any CPU
		{79758BA2-861C-43F0-B35D-82C312145AE5}.Debug|x64.Build.0 = Debug|Any CPU
		{79758BA2-861C-43F0-B35D-82C312145AE5}.Debug|x86.ActiveCfg = Debug|Any CPU
		{79758BA2-861C-43F0-B35D-82C312145AE5}.Debug|x86.Build.0 = Debug|Any CPU
		{79758BA2-861C-43F0-B35D-82C312145AE5}.Release|Any CPU.ActiveCfg = Release|Any CPU
		{79758BA2-861C-43F0-B35D-82C312145AE5}.Release|Any CPU.Build.0 = Release|Any CPU
		{79758BA2-861C-43F0-B35D-82C312145AE5}.Release|ARM.ActiveCfg = Release|Any CPU
		{79758BA2-861C-43F0-B35D-82C312145AE5}.Release|ARM.Build.0 = Release|Any CPU
		{79758BA2-861C-43F0-B35D-82C312145AE5}.Release|x64.ActiveCfg = Release|Any CPU
		{79758BA2-861C-43F0-B35D-82C312145AE5}.Release|x64.Build.0 = Release|Any CPU
		{79758BA2-861C-43F0-B35D-82C312145AE5}.Release|x86.ActiveCfg = Release|Any CPU
		{79758BA2-861C-43F0-B35D-82C312145AE5}.Release|x86.Build.0 = Release|Any CPU
	EndGlobalSection
	GlobalSection(SolutionProperties) = preSolution
		HideSolutionNode = FALSE
	EndGlobalSection
	GlobalSection(NestedProjects) = preSolution
		{EC85DC9B-6EBF-40C1-8082-5DE7E821F2D5} = {7B22D5FB-796A-4C70-AA32-CE474C63BD98}
		{6FE633E6-53B4-41A9-95B7-11C8355758CA} = {7B22D5FB-796A-4C70-AA32-CE474C63BD98}
		{713A632F-7061-4C28-A5C5-60152564F194} = {7B22D5FB-796A-4C70-AA32-CE474C63BD98}
		{5091BD26-DF2A-4EBE-87FC-8A07977025A0} = {E92D8437-367E-4E8B-9BCD-3472E0C9416B}
		{859F1A19-3465-45E8-B30B-0B291BCF09D6} = {E92D8437-367E-4E8B-9BCD-3472E0C9416B}
		{79758BA2-861C-43F0-B35D-82C312145AE5} = {E92D8437-367E-4E8B-9BCD-3472E0C9416B}
	EndGlobalSection
EndGlobal
